
Microsoft Visual Studio Solution File, Format Version 12.00
# Visual Studio 15
VisualStudioVersion = 15.0.26228.10
MinimumVisualStudioVersion = 10.0.40219.1
Project("{FAE04EC0-301F-11D3-BF4B-00C04F79EFBC}") = "Speech_Luis_core", "Speech_Luis_core\Speech_Luis_core.csproj", "{3A2D0A7E-6DA9-497F-BFC0-E60DE5F116BB}"
EndProject
Project("{FAE04EC0-301F-11D3-BF4B-00C04F79EFBC}") = "Silk2WavCommon", "Silk2WavCommon\Silk2WavCommon.csproj", "{38762568-F558-4130-9D61-EF173F1F8B0A}"
EndProject
Global
	GlobalSection(SolutionConfigurationPlatforms) = preSolution
		Debug|Any CPU = Debug|Any CPU
		Release|Any CPU = Release|Any CPU
	EndGlobalSection
	GlobalSection(ProjectConfigurationPlatforms) = postSolution
		{3A2D0A7E-6DA9-497F-BFC0-E60DE5F116BB}.Debug|Any CPU.ActiveCfg = Debug|Any CPU
		{3A2D0A7E-6DA9-497F-BFC0-E60DE5F116BB}.Debug|Any CPU.Build.0 = Debug|Any CPU
		{3A2D0A7E-6DA9-497F-BFC0-E60DE5F116BB}.Release|Any CPU.ActiveCfg = Release|Any CPU
		{3A2D0A7E-6DA9-497F-BFC0-E60DE5F116BB}.Release|Any CPU.Build.0 = Release|Any CPU
		{38762568-F558-4130-9D61-EF173F1F8B0A}.Debug|Any CPU.ActiveCfg = Debug|Any CPU
		{38762568-F558-4130-9D61-EF173F1F8B0A}.Debug|Any CPU.Build.0 = Debug|Any CPU
		{38762568-F558-4130-9D61-EF173F1F8B0A}.Release|Any CPU.ActiveCfg = Release|Any CPU
		{38762568-F558-4130-9D61-EF173F1F8B0A}.Release|Any CPU.Build.0 = Release|Any CPU
	EndGlobalSection
	GlobalSection(SolutionProperties) = preSolution
		HideSolutionNode = FALSE
	EndGlobalSection
EndGlobal
